{
    "version": 3,
    "terraform_version": "0.11.8",
    "serial": 11,
    "lineage": "06102f5a-b2cc-6d25-ce1f-9afb39b8bc0e",
    "modules": [
        {
            "path": [
                "root"
            ],
            "outputs": {},
            "resources": {
                "aws_s3_bucket.index": {
                    "type": "aws_s3_bucket",
                    "depends_on": [],
                    "primary": {
                        "id": "rapid-bucket-web",
                        "attributes": {
                            "acceleration_status": "",
                            "acl": "public-read",
                            "arn": "arn:aws:s3:::rapid-bucket-web",
                            "bucket": "rapid-bucket-web",
                            "bucket_domain_name": "rapid-bucket-web.s3.amazonaws.com",
                            "bucket_regional_domain_name": "rapid-bucket-web.s3.ap-northeast-1.amazonaws.com",
                            "cors_rule.#": "0",
                            "force_destroy": "false",
                            "hosted_zone_id": "Z2M4EHUR26P7ZW",
                            "id": "rapid-bucket-web",
                            "lifecycle_rule.#": "0",
                            "logging.#": "0",
                            "policy": "{\"Statement\":[{\"Action\":\"s3:GetObject\",\"Effect\":\"Allow\",\"Principal\":\"*\",\"Resource\":\"arn:aws:s3:::rapid-bucket-web/*\",\"Sid\":\"AddPermission\"}],\"Version\":\"2012-10-17\"}",
                            "region": "ap-northeast-1",
                            "replication_configuration.#": "0",
                            "request_payer": "BucketOwner",
                            "server_side_encryption_configuration.#": "0",
                            "tags.%": "0",
                            "versioning.#": "1",
                            "versioning.0.enabled": "false",
                            "versioning.0.mfa_delete": "false",
                            "website.#": "1",
                            "website.0.error_document": "error.html",
                            "website.0.index_document": "index.html",
                            "website.0.redirect_all_requests_to": "",
                            "website.0.routing_rules": "",
                            "website_domain": "s3-website-ap-northeast-1.amazonaws.com",
                            "website_endpoint": "rapid-bucket-web.s3-website-ap-northeast-1.amazonaws.com"
                        },
                        "meta": {},
                        "tainted": false
                    },
                    "deposed": [],
                    "provider": "provider.aws"
                }
            },
            "depends_on": []
        }
    ]
}
